// !$*UTF8*$!
{
	archiveVersion = 1;
	classes = {
	};
	objectVersion = 50;
	objects = {

/* Begin PBXBuildFile section */
		068FDAD32473068D009A098D /* AppDelegate.swift in Sources */ = {isa = PBXBuildFile; fileRef = 068FDAD22473068D009A098D /* AppDelegate.swift */; };
		068FDAD52473068D009A098D /* SceneDelegate.swift in Sources */ = {isa = PBXBuildFile; fileRef = 068FDAD42473068D009A098D /* SceneDelegate.swift */; };
		068FDAD72473068D009A098D /* ContentView.swift in Sources */ = {isa = PBXBuildFile; fileRef = 068FDAD62473068D009A098D /* ContentView.swift */; };
		068FDAD92473068E009A098D /* Assets.xcassets in Resources */ = {isa = PBXBuildFile; fileRef = 068FDAD82473068E009A098D /* Assets.xcassets */; };
		068FDADC2473068E009A098D /* Preview Assets.xcassets in Resources */ = {isa = PBXBuildFile; fileRef = 068FDADB2473068E009A098D /* Preview Assets.xcassets */; };
		068FDADF2473068E009A098D /* LaunchScreen.storyboard in Resources */ = {isa = PBXBuildFile; fileRef = 068FDADD2473068E009A098D /* LaunchScreen.storyboard */; };
		068FDAEA2473068E009A098D /* OmniRobot_iOSTests.swift in Sources */ = {isa = PBXBuildFile; fileRef = 068FDAE92473068E009A098D /* OmniRobot_iOSTests.swift */; };
		068FDAF52473068E009A098D /* OmniRobot_iOSUITests.swift in Sources */ = {isa = PBXBuildFile; fileRef = 068FDAF42473068E009A098D /* OmniRobot_iOSUITests.swift */; };
/* End PBXBuildFile section */

/* Begin PBXContainerItemProxy section */
		068FDAE62473068E009A098D /* PBXContainerItemProxy */ = {
			isa = PBXContainerItemProxy;
			containerPortal = 068FDAC72473068D009A098D /* Project object */;
			proxyType = 1;
			remoteGlobalIDString = 068FDACE2473068D009A098D;
			remoteInfo = "OmniRobot-iOS";
		};
		068FDAF12473068E009A098D /* PBXContainerItemProxy */ = {
			isa = PBXContainerItemProxy;
			containerPortal = 068FDAC72473068D009A098D /* Project object */;
			proxyType = 1;
			remoteGlobalIDString = 068FDACE2473068D009A098D;
			remoteInfo = "OmniRobot-iOS";
		};
/* End PBXContainerItemProxy section */

/* Begin PBXFileReference section */
		068FDACF2473068D009A098D /* OmniRobot-iOS.app */ = {isa = PBXFileReference; explicitFileType = wrapper.application; includeInIndex = 0; path = "OmniRobot-iOS.app"; sourceTree = BUILT_PRODUCTS_DIR; };
		068FDAD22473068D009A098D /* AppDelegate.swift */ = {isa = PBXFileReference; lastKnownFileType = sourcecode.swift; path = AppDelegate.swift; sourceTree = "<group>"; };
		068FDAD42473068D009A098D /* SceneDelegate.swift */ = {isa = PBXFileReference; lastKnownFileType = sourcecode.swift; path = SceneDelegate.swift; sourceTree = "<group>"; };
		068FDAD62473068D009A098D /* ContentView.swift */ = {isa = PBXFileReference; lastKnownFileType = sourcecode.swift; path = ContentView.swift; sourceTree = "<group>"; };
		068FDAD82473068E009A098D /* Assets.xcassets */ = {isa = PBXFileReference; lastKnownFileType = folder.assetcatalog; path = Assets.xcassets; sourceTree = "<group>"; };
		068FDADB2473068E009A098D /* Preview Assets.xcassets */ = {isa = PBXFileReference; lastKnownFileType = folder.assetcatalog; path = "Preview Assets.xcassets"; sourceTree = "<group>"; };
		068FDADE2473068E009A098D /* Base */ = {isa = PBXFileReference; lastKnownFileType = file.storyboard; name = Base; path = Base.lproj/LaunchScreen.storyboard; sourceTree = "<group>"; };
		068FDAE02473068E009A098D /* Info.plist */ = {isa = PBXFileReference; lastKnownFileType = text.plist.xml; path = Info.plist; sourceTree = "<group>"; };
		068FDAE52473068E009A098D /* OmniRobot-iOSTests.xctest */ = {isa = PBXFileReference; explicitFileType = wrapper.cfbundle; includeInIndex = 0; path = "OmniRobot-iOSTests.xctest"; sourceTree = BUILT_PRODUCTS_DIR; };
		068FDAE92473068E009A098D /* OmniRobot_iOSTests.swift */ = {isa = PBXFileReference; lastKnownFileType = sourcecode.swift; path = OmniRobot_iOSTests.swift; sourceTree = "<group>"; };
		068FDAEB2473068E009A098D /* Info.plist */ = {isa = PBXFileReference; lastKnownFileType = text.plist.xml; path = Info.plist; sourceTree = "<group>"; };
		068FDAF02473068E009A098D /* OmniRobot-iOSUITests.xctest */ = {isa = PBXFileReference; explicitFileType = wrapper.cfbundle; includeInIndex = 0; path = "OmniRobot-iOSUITests.xctest"; sourceTree = BUILT_PRODUCTS_DIR; };
		068FDAF42473068E009A098D /* OmniRobot_iOSUITests.swift */ = {isa = PBXFileReference; lastKnownFileType = sourcecode.swift; path = OmniRobot_iOSUITests.swift; sourceTree = "<group>"; };
		068FDAF62473068E009A098D /* Info.plist */ = {isa = PBXFileReference; lastKnownFileType = text.plist.xml; path = Info.plist; sourceTree = "<group>"; };
/* End PBXFileReference section */

/* Begin PBXFrameworksBuildPhase section */
		068FDACC2473068D009A098D /* Frameworks */ = {
			isa = PBXFrameworksBuildPhase;
			buildActionMask = 2147483647;
			files = (
			);
			runOnlyForDeploymentPostprocessing = 0;
		};
		068FDAE22473068E009A098D /* Frameworks */ = {
			isa = PBXFrameworksBuildPhase;
			buildActionMask = 2147483647;
			files = (
			);
			runOnlyForDeploymentPostprocessing = 0;
		};
		068FDAED2473068E009A098D /* Frameworks */ = {
			isa = PBXFrameworksBuildPhase;
			buildActionMask = 2147483647;
			files = (
			);
			runOnlyForDeploymentPostprocessing = 0;
		};
/* End PBXFrameworksBuildPhase section */

/* Begin PBXGroup section */
		068FDAC62473068D009A098D = {
			isa = PBXGroup;
			children = (
				068FDAD12473068D009A098D /* OmniRobot-iOS */,
				068FDAE82473068E009A098D /* OmniRobot-iOSTests */,
				068FDAF32473068E009A098D /* OmniRobot-iOSUITests */,
				068FDAD02473068D009A098D /* Products */,
			);
			sourceTree = "<group>";
		};
		068FDAD02473068D009A098D /* Products */ = {
			isa = PBXGroup;
			children = (
				068FDACF2473068D009A098D /* OmniRobot-iOS.app */,
				068FDAE52473068E009A098D /* OmniRobot-iOSTests.xctest */,
				068FDAF02473068E009A098D /* OmniRobot-iOSUITests.xctest */,
			);
			name = Products;
			sourceTree = "<group>";
		};
		068FDAD12473068D009A098D /* OmniRobot-iOS */ = {
			isa = PBXGroup;
			children = (
				068FDAD22473068D009A098D /* AppDelegate.swift */,
				068FDAD42473068D009A098D /* SceneDelegate.swift */,
				068FDAD62473068D009A098D /* ContentView.swift */,
				068FDAD82473068E009A098D /* Assets.xcassets */,
				068FDADD2473068E009A098D /* LaunchScreen.storyboard */,
				068FDAE02473068E009A098D /* Info.plist */,
				068FDADA2473068E009A098D /* Preview Content */,
			);
			path = "OmniRobot-iOS";
			sourceTree = "<group>";
		};
		068FDADA2473068E009A098D /* Preview Content */ = {
			isa = PBXGroup;
			children = (
				068FDADB2473068E009A098D /* Preview Assets.xcassets */,
			);
			path = "Preview Content";
			sourceTree = "<group>";
		};
		068FDAE82473068E009A098D /* OmniRobot-iOSTests */ = {
			isa = PBXGroup;
			children = (
				068FDAE92473068E009A098D /* OmniRobot_iOSTests.swift */,
				068FDAEB2473068E009A098D /* Info.plist */,
			);
			path = "OmniRobot-iOSTests";
			sourceTree = "<group>";
		};
		068FDAF32473068E009A098D /* OmniRobot-iOSUITests */ = {
			isa = PBXGroup;
			children = (
				068FDAF42473068E009A098D /* OmniRobot_iOSUITests.swift */,
				068FDAF62473068E009A098D /* Info.plist */,
			);
			path = "OmniRobot-iOSUITests";
			sourceTree = "<group>";
		};
/* End PBXGroup section */

/* Begin PBXNativeTarget section */
		068FDACE2473068D009A098D /* OmniRobot-iOS */ = {
			isa = PBXNativeTarget;
			buildConfigurationList = 068FDAF92473068E009A098D /* Build configuration list for PBXNativeTarget "OmniRobot-iOS" */;
			buildPhases = (
				068FDACB2473068D009A098D /* Sources */,
				068FDACC2473068D009A098D /* Frameworks */,
				068FDACD2473068D009A098D /* Resources */,
			);
			buildRules = (
			);
			dependencies = (
			);
			name = "OmniRobot-iOS";
			productName = "OmniRobot-iOS";
			productReference = 068FDACF2473068D009A098D /* OmniRobot-iOS.app */;
			productType = "com.apple.product-type.application";
		};
		068FDAE42473068E009A098D /* OmniRobot-iOSTests */ = {
			isa = PBXNativeTarget;
			buildConfigurationList = 068FDAFC2473068E009A098D /* Build configuration list for PBXNativeTarget "OmniRobot-iOSTests" */;
			buildPhases = (
				068FDAE12473068E009A098D /* Sources */,
				068FDAE22473068E009A098D /* Frameworks */,
				068FDAE32473068E009A098D /* Resources */,
			);
			buildRules = (
			);
			dependencies = (
				068FDAE72473068E009A098D /* PBXTargetDependency */,
			);
			name = "OmniRobot-iOSTests";
			productName = "OmniRobot-iOSTests";
			productReference = 068FDAE52473068E009A098D /* OmniRobot-iOSTests.xctest */;
			productType = "com.apple.product-type.bundle.unit-test";
		};
		068FDAEF2473068E009A098D /* OmniRobot-iOSUITests */ = {
			isa = PBXNativeTarget;
			buildConfigurationList = 068FDAFF2473068E009A098D /* Build configuration list for PBXNativeTarget "OmniRobot-iOSUITests" */;
			buildPhases = (
				068FDAEC2473068E009A098D /* Sources */,
				068FDAED2473068E009A098D /* Frameworks */,
				068FDAEE2473068E009A098D /* Resources */,
			);
			buildRules = (
			);
			dependencies = (
				068FDAF22473068E009A098D /* PBXTargetDependency */,
			);
			name = "OmniRobot-iOSUITests";
			productName = "OmniRobot-iOSUITests";
			productReference = 068FDAF02473068E009A098D /* OmniRobot-iOSUITests.xctest */;
			productType = "com.apple.product-type.bundle.ui-testing";
		};
/* End PBXNativeTarget section */

/* Begin PBXProject section */
		068FDAC72473068D009A098D /* Project object */ = {
			isa = PBXProject;
			attributes = {
				LastSwiftUpdateCheck = 1130;
				LastUpgradeCheck = 1130;
				ORGANIZATIONNAME = "Garrett Hagen";
				TargetAttributes = {
					068FDACE2473068D009A098D = {
						CreatedOnToolsVersion = 11.3.1;
					};
					068FDAE42473068E009A098D = {
						CreatedOnToolsVersion = 11.3.1;
						TestTargetID = 068FDACE2473068D009A098D;
					};
					068FDAEF2473068E009A098D = {
						CreatedOnToolsVersion = 11.3.1;
						TestTargetID = 068FDACE2473068D009A098D;
					};
				};
			};
			buildConfigurationList = 068FDACA2473068D009A098D /* Build configuration list for PBXProject "OmniRobot-iOS" */;
			compatibilityVersion = "Xcode 9.3";
			developmentRegion = en;
			hasScannedForEncodings = 0;
			knownRegions = (
				en,
				Base,
			);
			mainGroup = 068FDAC62473068D009A098D;
			productRefGroup = 068FDAD02473068D009A098D /* Products */;
			projectDirPath = "";
			projectRoot = "";
			targets = (
				068FDACE2473068D009A098D /* OmniRobot-iOS */,
				068FDAE42473068E009A098D /* OmniRobot-iOSTests */,
				068FDAEF2473068E009A098D /* OmniRobot-iOSUITests */,
			);
		};
/* End PBXProject section */

/* Begin PBXResourcesBuildPhase section */
		068FDACD2473068D009A098D /* Resources */ = {
			isa = PBXResourcesBuildPhase;
			buildActionMask = 2147483647;
			files = (
				068FDADF2473068E009A098D /* LaunchScreen.storyboard in Resources */,
				068FDADC2473068E009A098D /* Preview Assets.xcassets in Resources */,
				068FDAD92473068E009A098D /* Assets.xcassets in Resources */,
			);
			runOnlyForDeploymentPostprocessing = 0;
		};
		068FDAE32473068E009A098D /* Resources */ = {
			isa = PBXResourcesBuildPhase;
			buildActionMask = 2147483647;
			files = (
			);
			runOnlyForDeploymentPostprocessing = 0;
		};
		068FDAEE2473068E009A098D /* Resources */ = {
			isa = PBXResourcesBuildPhase;
			buildActionMask = 2147483647;
			files = (
			);
			runOnlyForDeploymentPostprocessing = 0;
		};
/* End PBXResourcesBuildPhase section */

/* Begin PBXSourcesBuildPhase section */
		068FDACB2473068D009A098D /* Sources */ = {
			isa = PBXSourcesBuildPhase;
			buildActionMask = 2147483647;
			files = (
				068FDAD32473068D009A098D /* AppDelegate.swift in Sources */,
				068FDAD52473068D009A098D /* SceneDelegate.swift in Sources */,
				068FDAD72473068D009A098D /* ContentView.swift in Sources */,
			);
			runOnlyForDeploymentPostprocessing = 0;
		};
		068FDAE12473068E009A098D /* Sources */ = {
			isa = PBXSourcesBuildPhase;
			buildActionMask = 2147483647;
			files = (
				068FDAEA2473068E009A098D /* OmniRobot_iOSTests.swift in Sources */,
			);
			runOnlyForDeploymentPostprocessing = 0;
		};
		068FDAEC2473068E009A098D /* Sources */ = {
			isa = PBXSourcesBuildPhase;
			buildActionMask = 2147483647;
			files = (
				068FDAF52473068E009A098D /* OmniRobot_iOSUITests.swift in Sources */,
			);
			runOnlyForDeploymentPostprocessing = 0;
		};
/* End PBXSourcesBuildPhase section */

/* Begin PBXTargetDependency section */
		068FDAE72473068E009A098D /* PBXTargetDependency */ = {
			isa = PBXTargetDependency;
			target = 068FDACE2473068D009A098D /* OmniRobot-iOS */;
			targetProxy = 068FDAE62473068E009A098D /* PBXContainerItemProxy */;
		};
		068FDAF22473068E009A098D /* PBXTargetDependency */ = {
			isa = PBXTargetDependency;
			target = 068FDACE2473068D009A098D /* OmniRobot-iOS */;
			targetProxy = 068FDAF12473068E009A098D /* PBXContainerItemProxy */;
		};
/* End PBXTargetDependency section */

/* Begin PBXVariantGroup section */
		068FDADD2473068E009A098D /* LaunchScreen.storyboard */ = {
			isa = PBXVariantGroup;
			children = (
				068FDADE2473068E009A098D /* Base */,
			);
			name = LaunchScreen.storyboard;
			sourceTree = "<group>";
		};
/* End PBXVariantGroup section */

/* Begin XCBuildConfiguration section */
		068FDAF72473068E009A098D /* Debug */ = {
			isa = XCBuildConfiguration;
			buildSettings = {
				ALWAYS_SEARCH_USER_PATHS = NO;
				CLANG_ANALYZER_NONNULL = YES;
				CLANG_ANALYZER_NUMBER_OBJECT_CONVERSION = YES_AGGRESSIVE;
				CLANG_CXX_LANGUAGE_STANDARD = "gnu++14";
				CLANG_CXX_LIBRARY = "libc++";
				CLANG_ENABLE_MODULES = YES;
				CLANG_ENABLE_OBJC_ARC = YES;
				CLANG_ENABLE_OBJC_WEAK = YES;
				CLANG_WARN_BLOCK_CAPTURE_AUTORELEASING = YES;
				CLANG_WARN_BOOL_CONVERSION = YES;
				CLANG_WARN_COMMA = YES;
				CLANG_WARN_CONSTANT_CONVERSION = YES;
				CLANG_WARN_DEPRECATED_OBJC_IMPLEMENTATIONS = YES;
				CLANG_WARN_DIRECT_OBJC_ISA_USAGE = YES_ERROR;
				CLANG_WARN_DOCUMENTATION_COMMENTS = YES;
				CLANG_WARN_EMPTY_BODY = YES;
				CLANG_WARN_ENUM_CONVERSION = YES;
				CLANG_WARN_INFINITE_RECURSION = YES;
				CLANG_WARN_INT_CONVERSION = YES;
				CLANG_WARN_NON_LITERAL_NULL_CONVERSION = YES;
				CLANG_WARN_OBJC_IMPLICIT_RETAIN_SELF = YES;
				CLANG_WARN_OBJC_LITERAL_CONVERSION = YES;
				CLANG_WARN_OBJC_ROOT_CLASS = YES_ERROR;
				CLANG_WARN_RANGE_LOOP_ANALYSIS = YES;
				CLANG_WARN_STRICT_PROTOTYPES = YES;
				CLANG_WARN_SUSPICIOUS_MOVE = YES;
				CLANG_WARN_UNGUARDED_AVAILABILITY = YES_AGGRESSIVE;
				CLANG_WARN_UNREACHABLE_CODE = YES;
				CLANG_WARN__DUPLICATE_METHOD_MATCH = YES;
				COPY_PHASE_STRIP = NO;
				DEBUG_INFORMATION_FORMAT = dwarf;
				ENABLE_STRICT_OBJC_MSGSEND = YES;
				ENABLE_TESTABILITY = YES;
				GCC_C_LANGUAGE_STANDARD = gnu11;
				GCC_DYNAMIC_NO_PIC = NO;
				GCC_NO_COMMON_BLOCKS = YES;
				GCC_OPTIMIZATION_LEVEL = 0;
				GCC_PREPROCESSOR_DEFINITIONS = (
					"DEBUG=1",
					"$(inherited)",
				);
				GCC_WARN_64_TO_32_BIT_CONVERSION = YES;
				GCC_WARN_ABOUT_RETURN_TYPE = YES_ERROR;
				GCC_WARN_UNDECLARED_SELECTOR = YES;
				GCC_WARN_UNINITIALIZED_AUTOS = YES_AGGRESSIVE;
				GCC_WARN_UNUSED_FUNCTION = YES;
				GCC_WARN_UNUSED_VARIABLE = YES;
				IPHONEOS_DEPLOYMENT_TARGET = 13.2;
				MTL_ENABLE_DEBUG_INFO = INCLUDE_SOURCE;
				MTL_FAST_MATH = YES;
				ONLY_ACTIVE_ARCH = YES;
				SDKROOT = iphoneos;
				SWIFT_ACTIVE_COMPILATION_CONDITIONS = DEBUG;
				SWIFT_OPTIMIZATION_LEVEL = "-Onone";
			};
			name = Debug;
		};
		068FDAF82473068E009A098D /* Release */ = {
			isa = XCBuildConfiguration;
			buildSettings = {
				ALWAYS_SEARCH_USER_PATHS = NO;
				CLANG_ANALYZER_NONNULL = YES;
				CLANG_ANALYZER_NUMBER_OBJECT_CONVERSION = YES_AGGRESSIVE;
				CLANG_CXX_LANGUAGE_STANDARD = "gnu++14";
				CLANG_CXX_LIBRARY = "libc++";
				CLANG_ENABLE_MODULES = YES;
				CLANG_ENABLE_OBJC_ARC = YES;
				CLANG_ENABLE_OBJC_WEAK = YES;
				CLANG_WARN_BLOCK_CAPTURE_AUTORELEASING = YES;
				CLANG_WARN_BOOL_CONVERSION = YES;
				CLANG_WARN_COMMA = YES;
				CLANG_WARN_CONSTANT_CONVERSION = YES;
				CLANG_WARN_DEPRECATED_OBJC_IMPLEMENTATIONS = YES;
				CLANG_WARN_DIRECT_OBJC_ISA_USAGE = YES_ERROR;
				CLANG_WARN_DOCUMENTATION_COMMENTS = YES;
				CLANG_WARN_EMPTY_BODY = YES;
				CLANG_WARN_ENUM_CONVERSION = YES;
				CLANG_WARN_INFINITE_RECURSION = YES;
				CLANG_WARN_INT_CONVERSION = YES;
				CLANG_WARN_NON_LITERAL_NULL_CONVERSION = YES;
				CLANG_WARN_OBJC_IMPLICIT_RETAIN_SELF = YES;
				CLANG_WARN_OBJC_LITERAL_CONVERSION = YES;
				CLANG_WARN_OBJC_ROOT_CLASS = YES_ERROR;
				CLANG_WARN_RANGE_LOOP_ANALYSIS = YES;
				CLANG_WARN_STRICT_PROTOTYPES = YES;
				CLANG_WARN_SUSPICIOUS_MOVE = YES;
				CLANG_WARN_UNGUARDED_AVAILABILITY = YES_AGGRESSIVE;
				CLANG_WARN_UNREACHABLE_CODE = YES;
				CLANG_WARN__DUPLICATE_METHOD_MATCH = YES;
				COPY_PHASE_STRIP = NO;
				DEBUG_INFORMATION_FORMAT = "dwarf-with-dsym";
				ENABLE_NS_ASSERTIONS = NO;
				ENABLE_STRICT_OBJC_MSGSEND = YES;
				GCC_C_LANGUAGE_STANDARD = gnu11;
				GCC_NO_COMMON_BLOCKS = YES;
				GCC_WARN_64_TO_32_BIT_CONVERSION = YES;
				GCC_WARN_ABOUT_RETURN_TYPE = YES_ERROR;
				GCC_WARN_UNDECLARED_SELECTOR = YES;
				GCC_WARN_UNINITIALIZED_AUTOS = YES_AGGRESSIVE;
				GCC_WARN_UNUSED_FUNCTION = YES;
				GCC_WARN_UNUSED_VARIABLE = YES;
				IPHONEOS_DEPLOYMENT_TARGET = 13.2;
				MTL_ENABLE_DEBUG_INFO = NO;
				MTL_FAST_MATH = YES;
				SDKROOT = iphoneos;
				SWIFT_COMPILATION_MODE = wholemodule;
				SWIFT_OPTIMIZATION_LEVEL = "-O";
				VALIDATE_PRODUCT = YES;
			};
			name = Release;
		};
		068FDAFA2473068E009A098D /* Debug */ = {
			isa = XCBuildConfiguration;
			buildSettings = {
				ASSETCATALOG_COMPILER_APPICON_NAME = AppIcon;
				CODE_SIGN_STYLE = Automatic;
				DEVELOPMENT_ASSET_PATHS = "\"OmniRobot-iOS/Preview Content\"";
				DEVELOPMENT_TEAM = ZQ76B4GZJY;
				ENABLE_PREVIEWS = YES;
				INFOPLIST_FILE = "OmniRobot-iOS/Info.plist";
				LD_RUNPATH_SEARCH_PATHS = (
					"$(inherited)",
					"@executable_path/Frameworks",
				);
				PRODUCT_BUNDLE_IDENTIFIER = "com.GarrettHagen.OmniRobot-iOS";
				PRODUCT_NAME = "$(TARGET_NAME)";
				SWIFT_VERSION = 5.0;
				TARGETED_DEVICE_FAMILY = "1,2";
			};
			name = Debug;
		};
		068FDAFB2473068E009A098D /* Release */ = {
			isa = XCBuildConfiguration;
			buildSettings = {
				ASSETCATALOG_COMPILER_APPICON_NAME = AppIcon;
				CODE_SIGN_STYLE = Automatic;
				DEVELOPMENT_ASSET_PATHS = "\"OmniRobot-iOS/Preview Content\"";
				DEVELOPMENT_TEAM = ZQ76B4GZJY;
				ENABLE_PREVIEWS = YES;
				INFOPLIST_FILE = "OmniRobot-iOS/Info.plist";
				LD_RUNPATH_SEARCH_PATHS = (
					"$(inherited)",
					"@executable_path/Frameworks",
				);
				PRODUCT_BUNDLE_IDENTIFIER = "com.GarrettHagen.OmniRobot-iOS";
				PRODUCT_NAME = "$(TARGET_NAME)";
				SWIFT_VERSION = 5.0;
				TARGETED_DEVICE_FAMILY = "1,2";
			};
			name = Release;
		};
		068FDAFD2473068E009A098D /* Debug */ = {
			isa = XCBuildConfiguration;
			buildSettings = {
				ALWAYS_EMBED_SWIFT_STANDARD_LIBRARIES = YES;
				BUNDLE_LOADER = "$(TEST_HOST)";
				CODE_SIGN_STYLE = Automatic;
				DEVELOPMENT_TEAM = ZQ76B4GZJY;
				INFOPLIST_FILE = "OmniRobot-iOSTests/Info.plist";
				IPHONEOS_DEPLOYMENT_TARGET = 13.2;
				LD_RUNPATH_SEARCH_PATHS = (
					"$(inherited)",
					"@executable_path/Frameworks",
					"@loader_path/Frameworks",
				);
				PRODUCT_BUNDLE_IDENTIFIER = "com.GarrettHagen.OmniRobot-iOSTests";
				PRODUCT_NAME = "$(TARGET_NAME)";
				SWIFT_VERSION = 5.0;
				TARGETED_DEVICE_FAMILY = "1,2";
				TEST_HOST = "$(BUILT_PRODUCTS_DIR)/OmniRobot-iOS.app/OmniRobot-iOS";
			};
			name = Debug;
		};
		068FDAFE2473068E009A098D /* Release */ = {
			isa = XCBuildConfiguration;
			buildSettings = {
				ALWAYS_EMBED_SWIFT_STANDARD_LIBRARIES = YES;
				BUNDLE_LOADER = "$(TEST_HOST)";
				CODE_SIGN_STYLE = Automatic;
				DEVELOPMENT_TEAM = ZQ76B4GZJY;
				INFOPLIST_FILE = "OmniRobot-iOSTests/Info.plist";
				IPHONEOS_DEPLOYMENT_TARGET = 13.2;
				LD_RUNPATH_SEARCH_PATHS = (
					"$(inherited)",
					"@executable_path/Frameworks",
					"@loader_path/Frameworks",
				);
				PRODUCT_BUNDLE_IDENTIFIER = "com.GarrettHagen.OmniRobot-iOSTests";
				PRODUCT_NAME = "$(TARGET_NAME)";
				SWIFT_VERSION = 5.0;
				TARGETED_DEVICE_FAMILY = "1,2";
				TEST_HOST = "$(BUILT_PRODUCTS_DIR)/OmniRobot-iOS.app/OmniRobot-iOS";
			};
			name = Release;
		};
		068FDB002473068E009A098D /* Debug */ = {
			isa = XCBuildConfiguration;
			buildSettings = {
				ALWAYS_EMBED_SWIFT_STANDARD_LIBRARIES = YES;
				CODE_SIGN_STYLE = Automatic;
				DEVELOPMENT_TEAM = ZQ76B4GZJY;
				INFOPLIST_FILE = "OmniRobot-iOSUITests/Info.plist";
				LD_RUNPATH_SEARCH_PATHS = (
					"$(inherited)",
					"@executable_path/Frameworks",
					"@loader_path/Frameworks",
				);
				PRODUCT_BUNDLE_IDENTIFIER = "com.GarrettHagen.OmniRobot-iOSUITests";
				PRODUCT_NAME = "$(TARGET_NAME)";
				SWIFT_VERSION = 5.0;
				TARGETED_DEVICE_FAMILY = "1,2";
				TEST_TARGET_NAME = "OmniRobot-iOS";
			};
			name = Debug;
		};
		068FDB012473068E009A098D /* Release */ = {
			isa = XCBuildConfiguration;
			buildSettings = {
				ALWAYS_EMBED_SWIFT_STANDARD_LIBRARIES = YES;
				CODE_SIGN_STYLE = Automatic;
				DEVELOPMENT_TEAM = ZQ76B4GZJY;
				INFOPLIST_FILE = "OmniRobot-iOSUITests/Info.plist";
				LD_RUNPATH_SEARCH_PATHS = (
					"$(inherited)",
					"@executable_path/Frameworks",
					"@loader_path/Frameworks",
				);
				PRODUCT_BUNDLE_IDENTIFIER = "com.GarrettHagen.OmniRobot-iOSUITests";
				PRODUCT_NAME = "$(TARGET_NAME)";
				SWIFT_VERSION = 5.0;
				TARGETED_DEVICE_FAMILY = "1,2";
				TEST_TARGET_NAME = "OmniRobot-iOS";
			};
			name = Release;
		};
/* End XCBuildConfiguration section */

/* Begin XCConfigurationList section */
		068FDACA2473068D009A098D /* Build configuration list for PBXProject "OmniRobot-iOS" */ = {
			isa = XCConfigurationList;
			buildConfigurations = (
				068FDAF72473068E009A098D /* Debug */,
				068FDAF82473068E009A098D /* Release */,
			);
			defaultConfigurationIsVisible = 0;
			defaultConfigurationName = Release;
		};
		068FDAF92473068E009A098D /* Build configuration list for PBXNativeTarget "OmniRobot-iOS" */ = {
			isa = XCConfigurationList;
			buildConfigurations = (
				068FDAFA2473068E009A098D /* Debug */,
				068FDAFB2473068E009A098D /* Release */,
			);
			defaultConfigurationIsVisible = 0;
			defaultConfigurationName = Release;
		};
		068FDAFC2473068E009A098D /* Build configuration list for PBXNativeTarget "OmniRobot-iOSTests" */ = {
			isa = XCConfigurationList;
			buildConfigurations = (
				068FDAFD2473068E009A098D /* Debug */,
				068FDAFE2473068E009A098D /* Release */,
			);
			defaultConfigurationIsVisible = 0;
			defaultConfigurationName = Release;
		};
		068FDAFF2473068E009A098D /* Build configuration list for PBXNativeTarget "OmniRobot-iOSUITests" */ = {
			isa = XCConfigurationList;
			buildConfigurations = (
				068FDB002473068E009A098D /* Debug */,
				068FDB012473068E009A098D /* Release */,
			);
			defaultConfigurationIsVisible = 0;
			defaultConfigurationName = Release;
		};
/* End XCConfigurationList section */
	};
	rootObject = 068FDAC72473068D009A098D /* Project object */;
}
